
Microsoft Visual Studio Solution File, Format Version 12.00
# Visual Studio Version 17
VisualStudioVersion = 17.14.36414.22
MinimumVisualStudioVersion = 10.0.40219.1
Project("{FAE04EC0-301F-11D3-BF4B-00C04F79EFBC}") = "PruebaWebNueva", "PruebaWebNueva\PruebaWebNueva.csproj", "{F9029A7F-0885-47EE-B263-98C2FE6AD9FF}"
EndProject
Project("{FAE04EC0-301F-11D3-BF4B-00C04F79EFBC}") = "PruebaWebNueva.Domain", "PruebaWebNueva.Domain\PruebaWebNueva.Domain.csproj", "{F760A04C-2688-4BA9-BA9B-504CBA7BFD0A}"
EndProject
Project("{FAE04EC0-301F-11D3-BF4B-00C04F79EFBC}") = "PruebaWebNueva.Application", "PruebaWebNueva.Application\PruebaWebNueva.Application.csproj", "{C265F066-C554-45D7-A61C-CC1F35B6339C}"
EndProject
Project("{FAE04EC0-301F-11D3-BF4B-00C04F79EFBC}") = "PruebaWebNueva.Infrastructure", "PruebaWebNueva.Infrastructure\PruebaWebNueva.Infrastructure.csproj", "{F8847342-3896-40DC-ABD5-1FC0169CA515}"
EndProject
Project("{FAE04EC0-301F-11D3-BF4B-00C04F79EFBC}") = "PruebaWebNueva.Client.SharedUI", "PruebaWebNueva.Client.SharedUI\PruebaWebNueva.Client.SharedUI.csproj", "{FF01152B-12E6-44A8-807D-91D217F3083B}"
EndProject
Project("{FAE04EC0-301F-11D3-BF4B-00C04F79EFBC}") = "PruebaWebNueva.Maui", "PruebaWebNueva.Maui\PruebaWebNueva.Maui.csproj", "{3C44224B-B318-4017-A04A-938C97EF0F4D}"
EndProject
Global
	GlobalSection(SolutionConfigurationPlatforms) = preSolution
		Debug|Any CPU = Debug|Any CPU
		Release|Any CPU = Release|Any CPU
	EndGlobalSection
	GlobalSection(ProjectConfigurationPlatforms) = postSolution
		{F9029A7F-0885-47EE-B263-98C2FE6AD9FF}.Debug|Any CPU.ActiveCfg = Debug|Any CPU
		{F9029A7F-0885-47EE-B263-98C2FE6AD9FF}.Debug|Any CPU.Build.0 = Debug|Any CPU
		{F9029A7F-0885-47EE-B263-98C2FE6AD9FF}.Release|Any CPU.ActiveCfg = Release|Any CPU
		{F9029A7F-0885-47EE-B263-98C2FE6AD9FF}.Release|Any CPU.Build.0 = Release|Any CPU
		{F760A04C-2688-4BA9-BA9B-504CBA7BFD0A}.Debug|Any CPU.ActiveCfg = Debug|Any CPU
		{F760A04C-2688-4BA9-BA9B-504CBA7BFD0A}.Debug|Any CPU.Build.0 = Debug|Any CPU
		{F760A04C-2688-4BA9-BA9B-504CBA7BFD0A}.Release|Any CPU.ActiveCfg = Release|Any CPU
		{F760A04C-2688-4BA9-BA9B-504CBA7BFD0A}.Release|Any CPU.Build.0 = Release|Any CPU
		{C265F066-C554-45D7-A61C-CC1F35B6339C}.Debug|Any CPU.ActiveCfg = Debug|Any CPU
		{C265F066-C554-45D7-A61C-CC1F35B6339C}.Debug|Any CPU.Build.0 = Debug|Any CPU
		{C265F066-C554-45D7-A61C-CC1F35B6339C}.Release|Any CPU.ActiveCfg = Release|Any CPU
		{C265F066-C554-45D7-A61C-CC1F35B6339C}.Release|Any CPU.Build.0 = Release|Any CPU
		{F8847342-3896-40DC-ABD5-1FC0169CA515}.Debug|Any CPU.ActiveCfg = Debug|Any CPU
		{F8847342-3896-40DC-ABD5-1FC0169CA515}.Debug|Any CPU.Build.0 = Debug|Any CPU
		{F8847342-3896-40DC-ABD5-1FC0169CA515}.Release|Any CPU.ActiveCfg = Release|Any CPU
		{F8847342-3896-40DC-ABD5-1FC0169CA515}.Release|Any CPU.Build.0 = Release|Any CPU
		{FF01152B-12E6-44A8-807D-91D217F3083B}.Debug|Any CPU.ActiveCfg = Debug|Any CPU
		{FF01152B-12E6-44A8-807D-91D217F3083B}.Debug|Any CPU.Build.0 = Debug|Any CPU
		{FF01152B-12E6-44A8-807D-91D217F3083B}.Release|Any CPU.ActiveCfg = Release|Any CPU
		{FF01152B-12E6-44A8-807D-91D217F3083B}.Release|Any CPU.Build.0 = Release|Any CPU
		{3C44224B-B318-4017-A04A-938C97EF0F4D}.Debug|Any CPU.ActiveCfg = Debug|Any CPU
		{3C44224B-B318-4017-A04A-938C97EF0F4D}.Debug|Any CPU.Build.0 = Debug|Any CPU
		{3C44224B-B318-4017-A04A-938C97EF0F4D}.Debug|Any CPU.Deploy.0 = Debug|Any CPU
		{3C44224B-B318-4017-A04A-938C97EF0F4D}.Release|Any CPU.ActiveCfg = Release|Any CPU
		{3C44224B-B318-4017-A04A-938C97EF0F4D}.Release|Any CPU.Build.0 = Release|Any CPU
		{3C44224B-B318-4017-A04A-938C97EF0F4D}.Release|Any CPU.Deploy.0 = Release|Any CPU
	EndGlobalSection
	GlobalSection(SolutionProperties) = preSolution
		HideSolutionNode = FALSE
	EndGlobalSection
	GlobalSection(ExtensibilityGlobals) = postSolution
		SolutionGuid = {7283CBE3-4A00-4D13-A2F3-48780AC14760}
	EndGlobalSection
EndGlobal
